PODS:
  - SwiftyOnboard (1.1.1)

DEPENDENCIES:
  - SwiftyOnboard (from `https://github.com/Minitour/SwiftyOnboard.git`)

EXTERNAL SOURCES:
  SwiftyOnboard:
    :git: https://github.com/Minitour/SwiftyOnboard.git

CHECKOUT OPTIONS:
  SwiftyOnboard:
    :commit: 9d410b0ce503cf3101cdf1bb0071f8b68f9143b6
    :git: https://github.com/Minitour/SwiftyOnboard.git

SPEC CHECKSUMS:
  SwiftyOnboard: 49197992f870a1976eca8421136a43665b32ce6d

PODFILE CHECKSUM: 081c77fd3a548693f97068b884a711bafa5a80b3

COCOAPODS: 1.2.0.rc.1
